
Microsoft Visual Studio Solution File, Format Version 12.00
# Visual Studio Version 17
VisualStudioVersion = 17.2.32526.322
MinimumVisualStudioVersion = 10.0.40219.1
Project("{FAE04EC0-301F-11D3-BF4B-00C04F79EFBC}") = "ath-p4-proj1", "ath-p4-proj1\ath-p4-proj1.csproj", "{BA9B3734-4620-474E-B608-7563431CB234}"
EndProject
Global
	GlobalSection(SolutionConfigurationPlatforms) = preSolution
		Debug|Any CPU = Debug|Any CPU
		Release|Any CPU = Release|Any CPU
	EndGlobalSection
	GlobalSection(ProjectConfigurationPlatforms) = postSolution
		{BA9B3734-4620-474E-B608-7563431CB234}.Debug|Any CPU.ActiveCfg = Debug|Any CPU
		{BA9B3734-4620-474E-B608-7563431CB234}.Debug|Any CPU.Build.0 = Debug|Any CPU
		{BA9B3734-4620-474E-B608-7563431CB234}.Release|Any CPU.ActiveCfg = Release|Any CPU
		{BA9B3734-4620-474E-B608-7563431CB234}.Release|Any CPU.Build.0 = Release|Any CPU
	EndGlobalSection
	GlobalSection(SolutionProperties) = preSolution
		HideSolutionNode = FALSE
	EndGlobalSection
	GlobalSection(ExtensibilityGlobals) = postSolution
		SolutionGuid = {2FDF9869-A521-4FFD-8963-FB3CBD19FA28}
	EndGlobalSection
EndGlobal
